Microsoft Visual Studio Solution File, Format Version 11.00
# Visual Studio 2010
Project("{FAE04EC0-301F-11D3-BF4B-00C04F79EFBC}") = "Assembly-CSharp", "Assembly-CSharp.csproj", "{A1C4D9C6-0C9A-387E-6651-4A9D6845897D}"
EndProject
Project("{FAE04EC0-301F-11D3-BF4B-00C04F79EFBC}") = "Assembly-CSharp-Editor", "Assembly-CSharp-Editor.csproj", "{EB653BD9-A559-F080-ED8E-CF00ADDC7FE5}"
EndProject
Global
	GlobalSection(SolutionConfigurationPlatforms) = preSolution
		Debug|Any CPU = Debug|Any CPU
		Release|Any CPU = Release|Any CPU
	EndGlobalSection
	GlobalSection(ProjectConfigurationPlatforms) = postSolution
		{A1C4D9C6-0C9A-387E-6651-4A9D6845897D}.Debug|Any CPU.ActiveCfg = Debug|Any CPU
		{A1C4D9C6-0C9A-387E-6651-4A9D6845897D}.Debug|Any CPU.Build.0 = Debug|Any CPU
		{A1C4D9C6-0C9A-387E-6651-4A9D6845897D}.Release|Any CPU.ActiveCfg = Release|Any CPU
		{A1C4D9C6-0C9A-387E-6651-4A9D6845897D}.Release|Any CPU.Build.0 = Release|Any CPU
		{EB653BD9-A559-F080-ED8E-CF00ADDC7FE5}.Debug|Any CPU.ActiveCfg = Debug|Any CPU
		{EB653BD9-A559-F080-ED8E-CF00ADDC7FE5}.Debug|Any CPU.Build.0 = Debug|Any CPU
		{EB653BD9-A559-F080-ED8E-CF00ADDC7FE5}.Release|Any CPU.ActiveCfg = Release|Any CPU
		{EB653BD9-A559-F080-ED8E-CF00ADDC7FE5}.Release|Any CPU.Build.0 = Release|Any CPU
	EndGlobalSection
	GlobalSection(MonoDevelopProperties) = preSolution
		StartupItem = Assembly-CSharp.csproj
	EndGlobalSection
EndGlobal
